
Microsoft Visual Studio Solution File, Format Version 12.00
# Visual Studio 15
VisualStudioVersion = 15.0.26730.16
MinimumVisualStudioVersion = 10.0.40219.1
Project("{8BC9CEB8-8B4A-11D0-8D11-00A0C91BC942}") = "Camera", "Camera.vcxproj", "{4E64F7FD-736E-41D6-AD82-D655A0F9D765}"
EndProject
Project("{8BC9CEB8-8B4A-11D0-8D11-00A0C91BC942}") = "CommandSim", "CommandSim.vcxproj", "{D8DDAABE-786D-42D3-A0E1-B0570DB77355}"
EndProject
Project("{8BC9CEB8-8B4A-11D0-8D11-00A0C91BC942}") = "DrawAircraft", "DrawAircraft.vcxproj", "{4CC041CE-1325-4585-989E-B7586D9793A8}"
EndProject
Project("{8BC9CEB8-8B4A-11D0-8D11-00A0C91BC942}") = "DrawingHook", "DrawingHook.vcxproj", "{F3CC156C-7034-42DA-96E0-355FF5820CCB}"
EndProject
Project("{8BC9CEB8-8B4A-11D0-8D11-00A0C91BC942}") = "HelloWorld", "HelloWorld.vcxproj", "{1C853474-B517-4A56-BED6-D39BE60B2DC5}"
EndProject
Project("{8BC9CEB8-8B4A-11D0-8D11-00A0C91BC942}") = "HotKey", "HotKey.vcxproj", "{939F463D-7533-434B-BD58-8690EB2E80EF}"
EndProject
Project("{8BC9CEB8-8B4A-11D0-8D11-00A0C91BC942}") = "KeySniffer", "KeySniffer.vcxproj", "{9615B897-DECC-4DE6-8D72-2CD3D57B691B}"
EndProject
Project("{8BC9CEB8-8B4A-11D0-8D11-00A0C91BC942}") = "ManagePlugins", "ManagePlugins.vcxproj", "{E257EFCB-3E1C-41C8-AF33-949AA2F846BB}"
EndProject
Project("{8BC9CEB8-8B4A-11D0-8D11-00A0C91BC942}") = "Navigation", "Navigation.vcxproj", "{F7D27109-185C-48A0-8D3A-F41B17D00D2F}"
EndProject
Project("{8BC9CEB8-8B4A-11D0-8D11-00A0C91BC942}") = "Planes", "Planes.vcxproj", "{EFD63AB2-BD35-40E3-A21C-34866971DB80}"
EndProject
Project("{8BC9CEB8-8B4A-11D0-8D11-00A0C91BC942}") = "SDKExamples", "SDKExamples.vcxproj", "{BB017FE7-547D-417C-ACF2-D1C76DC508CF}"
EndProject
Project("{8BC9CEB8-8B4A-11D0-8D11-00A0C91BC942}") = "ShareData", "ShareData.vcxproj", "{A62A4965-66A5-4C27-804A-E03AB94CE8D4}"
EndProject
Project("{8BC9CEB8-8B4A-11D0-8D11-00A0C91BC942}") = "SimData", "SimData.vcxproj", "{949133C8-7703-4935-82F9-07472EA00746}"
EndProject
Project("{8BC9CEB8-8B4A-11D0-8D11-00A0C91BC942}") = "TimedProcessing", "TimedProcessing.vcxproj", "{ACC723C7-4F59-45CC-8626-767D6477F7EE}"
EndProject
Project("{8BC9CEB8-8B4A-11D0-8D11-00A0C91BC942}") = "FlightJobsX", "FlightJobsX.vcxproj", "{69413864-932F-43D0-847D-E598B8D9A287}"
EndProject
Global
	GlobalSection(SolutionConfigurationPlatforms) = preSolution
		Debug|ARM = Debug|ARM
		Debug|x64 = Debug|x64
		Debug|x86 = Debug|x86
		Release|ARM = Release|ARM
		Release|x64 = Release|x64
		Release|x86 = Release|x86
		Template|ARM = Template|ARM
		Template|x64 = Template|x64
		Template|x86 = Template|x86
	EndGlobalSection
	GlobalSection(ProjectConfigurationPlatforms) = postSolution
		{4E64F7FD-736E-41D6-AD82-D655A0F9D765}.Debug|ARM.ActiveCfg = Debug|Win32
		{4E64F7FD-736E-41D6-AD82-D655A0F9D765}.Debug|x64.ActiveCfg = Debug|x64
		{4E64F7FD-736E-41D6-AD82-D655A0F9D765}.Debug|x64.Build.0 = Debug|x64
		{4E64F7FD-736E-41D6-AD82-D655A0F9D765}.Debug|x86.ActiveCfg = Debug|Win32
		{4E64F7FD-736E-41D6-AD82-D655A0F9D765}.Debug|x86.Build.0 = Debug|Win32
		{4E64F7FD-736E-41D6-AD82-D655A0F9D765}.Release|ARM.ActiveCfg = Release|Win32
		{4E64F7FD-736E-41D6-AD82-D655A0F9D765}.Release|x64.ActiveCfg = Release|x64
		{4E64F7FD-736E-41D6-AD82-D655A0F9D765}.Release|x64.Build.0 = Release|x64
		{4E64F7FD-736E-41D6-AD82-D655A0F9D765}.Release|x86.ActiveCfg = Release|Win32
		{4E64F7FD-736E-41D6-AD82-D655A0F9D765}.Release|x86.Build.0 = Release|Win32
		{4E64F7FD-736E-41D6-AD82-D655A0F9D765}.Template|ARM.ActiveCfg = Release|Win32
		{4E64F7FD-736E-41D6-AD82-D655A0F9D765}.Template|ARM.Build.0 = Release|Win32
		{4E64F7FD-736E-41D6-AD82-D655A0F9D765}.Template|ARM.Deploy.0 = Release|Win32
		{4E64F7FD-736E-41D6-AD82-D655A0F9D765}.Template|x64.ActiveCfg = Release|x64
		{4E64F7FD-736E-41D6-AD82-D655A0F9D765}.Template|x64.Build.0 = Release|x64
		{4E64F7FD-736E-41D6-AD82-D655A0F9D765}.Template|x86.ActiveCfg = Release|Win32
		{4E64F7FD-736E-41D6-AD82-D655A0F9D765}.Template|x86.Build.0 = Release|Win32
		{D8DDAABE-786D-42D3-A0E1-B0570DB77355}.Debug|ARM.ActiveCfg = Debug|Win32
		{D8DDAABE-786D-42D3-A0E1-B0570DB77355}.Debug|x64.ActiveCfg = Debug|x64
		{D8DDAABE-786D-42D3-A0E1-B0570DB77355}.Debug|x64.Build.0 = Debug|x64
		{D8DDAABE-786D-42D3-A0E1-B0570DB77355}.Debug|x86.ActiveCfg = Debug|Win32
		{D8DDAABE-786D-42D3-A0E1-B0570DB77355}.Debug|x86.Build.0 = Debug|Win32
		{D8DDAABE-786D-42D3-A0E1-B0570DB77355}.Release|ARM.ActiveCfg = Release|Win32
		{D8DDAABE-786D-42D3-A0E1-B0570DB77355}.Release|x64.ActiveCfg = Release|x64
		{D8DDAABE-786D-42D3-A0E1-B0570DB77355}.Release|x64.Build.0 = Release|x64
		{D8DDAABE-786D-42D3-A0E1-B0570DB77355}.Release|x86.ActiveCfg = Release|Win32
		{D8DDAABE-786D-42D3-A0E1-B0570DB77355}.Release|x86.Build.0 = Release|Win32
		{D8DDAABE-786D-42D3-A0E1-B0570DB77355}.Template|ARM.ActiveCfg = Template|Win32
		{D8DDAABE-786D-42D3-A0E1-B0570DB77355}.Template|x64.ActiveCfg = Template|x64
		{D8DDAABE-786D-42D3-A0E1-B0570DB77355}.Template|x64.Build.0 = Template|x64
		{D8DDAABE-786D-42D3-A0E1-B0570DB77355}.Template|x86.ActiveCfg = Template|Win32
		{D8DDAABE-786D-42D3-A0E1-B0570DB77355}.Template|x86.Build.0 = Template|Win32
		{4CC041CE-1325-4585-989E-B7586D9793A8}.Debug|ARM.ActiveCfg = Debug|Win32
		{4CC041CE-1325-4585-989E-B7586D9793A8}.Debug|x64.ActiveCfg = Debug|x64
		{4CC041CE-1325-4585-989E-B7586D9793A8}.Debug|x64.Build.0 = Debug|x64
		{4CC041CE-1325-4585-989E-B7586D9793A8}.Debug|x86.ActiveCfg = Debug|Win32
		{4CC041CE-1325-4585-989E-B7586D9793A8}.Debug|x86.Build.0 = Debug|Win32
		{4CC041CE-1325-4585-989E-B7586D9793A8}.Release|ARM.ActiveCfg = Release|Win32
		{4CC041CE-1325-4585-989E-B7586D9793A8}.Release|x64.ActiveCfg = Release|x64
		{4CC041CE-1325-4585-989E-B7586D9793A8}.Release|x64.Build.0 = Release|x64
		{4CC041CE-1325-4585-989E-B7586D9793A8}.Release|x86.ActiveCfg = Release|Win32
		{4CC041CE-1325-4585-989E-B7586D9793A8}.Release|x86.Build.0 = Release|Win32
		{4CC041CE-1325-4585-989E-B7586D9793A8}.Template|ARM.ActiveCfg = Template|Win32
		{4CC041CE-1325-4585-989E-B7586D9793A8}.Template|x64.ActiveCfg = Template|x64
		{4CC041CE-1325-4585-989E-B7586D9793A8}.Template|x64.Build.0 = Template|x64
		{4CC041CE-1325-4585-989E-B7586D9793A8}.Template|x86.ActiveCfg = Template|Win32
		{4CC041CE-1325-4585-989E-B7586D9793A8}.Template|x86.Build.0 = Template|Win32
		{F3CC156C-7034-42DA-96E0-355FF5820CCB}.Debug|ARM.ActiveCfg = Debug|Win32
		{F3CC156C-7034-42DA-96E0-355FF5820CCB}.Debug|x64.ActiveCfg = Debug|x64
		{F3CC156C-7034-42DA-96E0-355FF5820CCB}.Debug|x64.Build.0 = Debug|x64
		{F3CC156C-7034-42DA-96E0-355FF5820CCB}.Debug|x86.ActiveCfg = Debug|Win32
		{F3CC156C-7034-42DA-96E0-355FF5820CCB}.Debug|x86.Build.0 = Debug|Win32
		{F3CC156C-7034-42DA-96E0-355FF5820CCB}.Release|ARM.ActiveCfg = Release|Win32
		{F3CC156C-7034-42DA-96E0-355FF5820CCB}.Release|x64.ActiveCfg = Release|x64
		{F3CC156C-7034-42DA-96E0-355FF5820CCB}.Release|x64.Build.0 = Release|x64
		{F3CC156C-7034-42DA-96E0-355FF5820CCB}.Release|x86.ActiveCfg = Release|Win32
		{F3CC156C-7034-42DA-96E0-355FF5820CCB}.Release|x86.Build.0 = Release|Win32
		{F3CC156C-7034-42DA-96E0-355FF5820CCB}.Template|ARM.ActiveCfg = Template|Win32
		{F3CC156C-7034-42DA-96E0-355FF5820CCB}.Template|x64.ActiveCfg = Template|x64
		{F3CC156C-7034-42DA-96E0-355FF5820CCB}.Template|x64.Build.0 = Template|x64
		{F3CC156C-7034-42DA-96E0-355FF5820CCB}.Template|x86.ActiveCfg = Template|Win32
		{F3CC156C-7034-42DA-96E0-355FF5820CCB}.Template|x86.Build.0 = Template|Win32
		{1C853474-B517-4A56-BED6-D39BE60B2DC5}.Debug|ARM.ActiveCfg = Debug|Win32
		{1C853474-B517-4A56-BED6-D39BE60B2DC5}.Debug|x64.ActiveCfg = Debug|x64
		{1C853474-B517-4A56-BED6-D39BE60B2DC5}.Debug|x64.Build.0 = Debug|x64
		{1C853474-B517-4A56-BED6-D39BE60B2DC5}.Debug|x86.ActiveCfg = Debug|Win32
		{1C853474-B517-4A56-BED6-D39BE60B2DC5}.Debug|x86.Build.0 = Debug|Win32
		{1C853474-B517-4A56-BED6-D39BE60B2DC5}.Release|ARM.ActiveCfg = Release|Win32
		{1C853474-B517-4A56-BED6-D39BE60B2DC5}.Release|x64.ActiveCfg = Release|x64
		{1C853474-B517-4A56-BED6-D39BE60B2DC5}.Release|x64.Build.0 = Release|x64
		{1C853474-B517-4A56-BED6-D39BE60B2DC5}.Release|x86.ActiveCfg = Release|Win32
		{1C853474-B517-4A56-BED6-D39BE60B2DC5}.Release|x86.Build.0 = Release|Win32
		{1C853474-B517-4A56-BED6-D39BE60B2DC5}.Template|ARM.ActiveCfg = Template|Win32
		{1C853474-B517-4A56-BED6-D39BE60B2DC5}.Template|x64.ActiveCfg = Template|x64
		{1C853474-B517-4A56-BED6-D39BE60B2DC5}.Template|x64.Build.0 = Template|x64
		{1C853474-B517-4A56-BED6-D39BE60B2DC5}.Template|x86.ActiveCfg = Template|Win32
		{1C853474-B517-4A56-BED6-D39BE60B2DC5}.Template|x86.Build.0 = Template|Win32
		{939F463D-7533-434B-BD58-8690EB2E80EF}.Debug|ARM.ActiveCfg = Debug|Win32
		{939F463D-7533-434B-BD58-8690EB2E80EF}.Debug|x64.ActiveCfg = Debug|x64
		{939F463D-7533-434B-BD58-8690EB2E80EF}.Debug|x64.Build.0 = Debug|x64
		{939F463D-7533-434B-BD58-8690EB2E80EF}.Debug|x86.ActiveCfg = Debug|Win32
		{939F463D-7533-434B-BD58-8690EB2E80EF}.Debug|x86.Build.0 = Debug|Win32
		{939F463D-7533-434B-BD58-8690EB2E80EF}.Release|ARM.ActiveCfg = Release|Win32
		{939F463D-7533-434B-BD58-8690EB2E80EF}.Release|x64.ActiveCfg = Release|x64
		{939F463D-7533-434B-BD58-8690EB2E80EF}.Release|x64.Build.0 = Release|x64
		{939F463D-7533-434B-BD58-8690EB2E80EF}.Release|x86.ActiveCfg = Release|Win32
		{939F463D-7533-434B-BD58-8690EB2E80EF}.Release|x86.Build.0 = Release|Win32
		{939F463D-7533-434B-BD58-8690EB2E80EF}.Template|ARM.ActiveCfg = Template|Win32
		{939F463D-7533-434B-BD58-8690EB2E80EF}.Template|x64.ActiveCfg = Template|x64
		{939F463D-7533-434B-BD58-8690EB2E80EF}.Template|x64.Build.0 = Template|x64
		{939F463D-7533-434B-BD58-8690EB2E80EF}.Template|x86.ActiveCfg = Template|Win32
		{939F463D-7533-434B-BD58-8690EB2E80EF}.Template|x86.Build.0 = Template|Win32
		{9615B897-DECC-4DE6-8D72-2CD3D57B691B}.Debug|ARM.ActiveCfg = Debug|Win32
		{9615B897-DECC-4DE6-8D72-2CD3D57B691B}.Debug|x64.ActiveCfg = Debug|x64
		{9615B897-DECC-4DE6-8D72-2CD3D57B691B}.Debug|x64.Build.0 = Debug|x64
		{9615B897-DECC-4DE6-8D72-2CD3D57B691B}.Debug|x86.ActiveCfg = Debug|Win32
		{9615B897-DECC-4DE6-8D72-2CD3D57B691B}.Debug|x86.Build.0 = Debug|Win32
		{9615B897-DECC-4DE6-8D72-2CD3D57B691B}.Release|ARM.ActiveCfg = Release|Win32
		{9615B897-DECC-4DE6-8D72-2CD3D57B691B}.Release|x64.ActiveCfg = Release|x64
		{9615B897-DECC-4DE6-8D72-2CD3D57B691B}.Release|x64.Build.0 = Release|x64
		{9615B897-DECC-4DE6-8D72-2CD3D57B691B}.Release|x86.ActiveCfg = Release|Win32
		{9615B897-DECC-4DE6-8D72-2CD3D57B691B}.Release|x86.Build.0 = Release|Win32
		{9615B897-DECC-4DE6-8D72-2CD3D57B691B}.Template|ARM.ActiveCfg = Template|Win32
		{9615B897-DECC-4DE6-8D72-2CD3D57B691B}.Template|x64.ActiveCfg = Template|x64
		{9615B897-DECC-4DE6-8D72-2CD3D57B691B}.Template|x64.Build.0 = Template|x64
		{9615B897-DECC-4DE6-8D72-2CD3D57B691B}.Template|x86.ActiveCfg = Template|Win32
		{9615B897-DECC-4DE6-8D72-2CD3D57B691B}.Template|x86.Build.0 = Template|Win32
		{E257EFCB-3E1C-41C8-AF33-949AA2F846BB}.Debug|ARM.ActiveCfg = Debug|Win32
		{E257EFCB-3E1C-41C8-AF33-949AA2F846BB}.Debug|x64.ActiveCfg = Debug|x64
		{E257EFCB-3E1C-41C8-AF33-949AA2F846BB}.Debug|x64.Build.0 = Debug|x64
		{E257EFCB-3E1C-41C8-AF33-949AA2F846BB}.Debug|x86.ActiveCfg = Debug|Win32
		{E257EFCB-3E1C-41C8-AF33-949AA2F846BB}.Debug|x86.Build.0 = Debug|Win32
		{E257EFCB-3E1C-41C8-AF33-949AA2F846BB}.Release|ARM.ActiveCfg = Release|Win32
		{E257EFCB-3E1C-41C8-AF33-949AA2F846BB}.Release|x64.ActiveCfg = Release|x64
		{E257EFCB-3E1C-41C8-AF33-949AA2F846BB}.Release|x64.Build.0 = Release|x64
		{E257EFCB-3E1C-41C8-AF33-949AA2F846BB}.Release|x86.ActiveCfg = Release|Win32
		{E257EFCB-3E1C-41C8-AF33-949AA2F846BB}.Release|x86.Build.0 = Release|Win32
		{E257EFCB-3E1C-41C8-AF33-949AA2F846BB}.Template|ARM.ActiveCfg = Template|Win32
		{E257EFCB-3E1C-41C8-AF33-949AA2F846BB}.Template|x64.ActiveCfg = Template|x64
		{E257EFCB-3E1C-41C8-AF33-949AA2F846BB}.Template|x64.Build.0 = Template|x64
		{E257EFCB-3E1C-41C8-AF33-949AA2F846BB}.Template|x86.ActiveCfg = Template|Win32
		{E257EFCB-3E1C-41C8-AF33-949AA2F846BB}.Template|x86.Build.0 = Template|Win32
		{F7D27109-185C-48A0-8D3A-F41B17D00D2F}.Debug|ARM.ActiveCfg = Debug|Win32
		{F7D27109-185C-48A0-8D3A-F41B17D00D2F}.Debug|x64.ActiveCfg = Debug|x64
		{F7D27109-185C-48A0-8D3A-F41B17D00D2F}.Debug|x64.Build.0 = Debug|x64
		{F7D27109-185C-48A0-8D3A-F41B17D00D2F}.Debug|x86.ActiveCfg = Debug|Win32
		{F7D27109-185C-48A0-8D3A-F41B17D00D2F}.Debug|x86.Build.0 = Debug|Win32
		{F7D27109-185C-48A0-8D3A-F41B17D00D2F}.Release|ARM.ActiveCfg = Release|Win32
		{F7D27109-185C-48A0-8D3A-F41B17D00D2F}.Release|x64.ActiveCfg = Release|x64
		{F7D27109-185C-48A0-8D3A-F41B17D00D2F}.Release|x64.Build.0 = Release|x64
		{F7D27109-185C-48A0-8D3A-F41B17D00D2F}.Release|x86.ActiveCfg = Release|Win32
		{F7D27109-185C-48A0-8D3A-F41B17D00D2F}.Release|x86.Build.0 = Release|Win32
		{F7D27109-185C-48A0-8D3A-F41B17D00D2F}.Template|ARM.ActiveCfg = Template|Win32
		{F7D27109-185C-48A0-8D3A-F41B17D00D2F}.Template|x64.ActiveCfg = Template|x64
		{F7D27109-185C-48A0-8D3A-F41B17D00D2F}.Template|x64.Build.0 = Template|x64
		{F7D27109-185C-48A0-8D3A-F41B17D00D2F}.Template|x86.ActiveCfg = Template|Win32
		{F7D27109-185C-48A0-8D3A-F41B17D00D2F}.Template|x86.Build.0 = Template|Win32
		{EFD63AB2-BD35-40E3-A21C-34866971DB80}.Debug|ARM.ActiveCfg = Debug|Win32
		{EFD63AB2-BD35-40E3-A21C-34866971DB80}.Debug|x64.ActiveCfg = Debug|x64
		{EFD63AB2-BD35-40E3-A21C-34866971DB80}.Debug|x64.Build.0 = Debug|x64
		{EFD63AB2-BD35-40E3-A21C-34866971DB80}.Debug|x86.ActiveCfg = Debug|Win32
		{EFD63AB2-BD35-40E3-A21C-34866971DB80}.Debug|x86.Build.0 = Debug|Win32
		{EFD63AB2-BD35-40E3-A21C-34866971DB80}.Release|ARM.ActiveCfg = Release|Win32
		{EFD63AB2-BD35-40E3-A21C-34866971DB80}.Release|x64.ActiveCfg = Release|x64
		{EFD63AB2-BD35-40E3-A21C-34866971DB80}.Release|x64.Build.0 = Release|x64
		{EFD63AB2-BD35-40E3-A21C-34866971DB80}.Release|x86.ActiveCfg = Release|Win32
		{EFD63AB2-BD35-40E3-A21C-34866971DB80}.Release|x86.Build.0 = Release|Win32
		{EFD63AB2-BD35-40E3-A21C-34866971DB80}.Template|ARM.ActiveCfg = Template|Win32
		{EFD63AB2-BD35-40E3-A21C-34866971DB80}.Template|x64.ActiveCfg = Template|x64
		{EFD63AB2-BD35-40E3-A21C-34866971DB80}.Template|x64.Build.0 = Template|x64
		{EFD63AB2-BD35-40E3-A21C-34866971DB80}.Template|x86.ActiveCfg = Template|Win32
		{EFD63AB2-BD35-40E3-A21C-34866971DB80}.Template|x86.Build.0 = Template|Win32
		{BB017FE7-547D-417C-ACF2-D1C76DC508CF}.Debug|ARM.ActiveCfg = Debug|Win32
		{BB017FE7-547D-417C-ACF2-D1C76DC508CF}.Debug|x64.ActiveCfg = Debug|x64
		{BB017FE7-547D-417C-ACF2-D1C76DC508CF}.Debug|x64.Build.0 = Debug|x64
		{BB017FE7-547D-417C-ACF2-D1C76DC508CF}.Debug|x86.ActiveCfg = Debug|Win32
		{BB017FE7-547D-417C-ACF2-D1C76DC508CF}.Debug|x86.Build.0 = Debug|Win32
		{BB017FE7-547D-417C-ACF2-D1C76DC508CF}.Release|ARM.ActiveCfg = Release|Win32
		{BB017FE7-547D-417C-ACF2-D1C76DC508CF}.Release|x64.ActiveCfg = Release|x64
		{BB017FE7-547D-417C-ACF2-D1C76DC508CF}.Release|x64.Build.0 = Release|x64
		{BB017FE7-547D-417C-ACF2-D1C76DC508CF}.Release|x86.ActiveCfg = Release|Win32
		{BB017FE7-547D-417C-ACF2-D1C76DC508CF}.Release|x86.Build.0 = Release|Win32
		{BB017FE7-547D-417C-ACF2-D1C76DC508CF}.Template|ARM.ActiveCfg = Template|Win32
		{BB017FE7-547D-417C-ACF2-D1C76DC508CF}.Template|x64.ActiveCfg = Template|x64
		{BB017FE7-547D-417C-ACF2-D1C76DC508CF}.Template|x64.Build.0 = Template|x64
		{BB017FE7-547D-417C-ACF2-D1C76DC508CF}.Template|x86.ActiveCfg = Template|Win32
		{BB017FE7-547D-417C-ACF2-D1C76DC508CF}.Template|x86.Build.0 = Template|Win32
		{A62A4965-66A5-4C27-804A-E03AB94CE8D4}.Debug|ARM.ActiveCfg = Debug|Win32
		{A62A4965-66A5-4C27-804A-E03AB94CE8D4}.Debug|x64.ActiveCfg = Debug|x64
		{A62A4965-66A5-4C27-804A-E03AB94CE8D4}.Debug|x64.Build.0 = Debug|x64
		{A62A4965-66A5-4C27-804A-E03AB94CE8D4}.Debug|x86.ActiveCfg = Debug|Win32
		{A62A4965-66A5-4C27-804A-E03AB94CE8D4}.Debug|x86.Build.0 = Debug|Win32
		{A62A4965-66A5-4C27-804A-E03AB94CE8D4}.Release|ARM.ActiveCfg = Release|Win32
		{A62A4965-66A5-4C27-804A-E03AB94CE8D4}.Release|x64.ActiveCfg = Release|x64
		{A62A4965-66A5-4C27-804A-E03AB94CE8D4}.Release|x64.Build.0 = Release|x64
		{A62A4965-66A5-4C27-804A-E03AB94CE8D4}.Release|x86.ActiveCfg = Release|Win32
		{A62A4965-66A5-4C27-804A-E03AB94CE8D4}.Release|x86.Build.0 = Release|Win32
		{A62A4965-66A5-4C27-804A-E03AB94CE8D4}.Template|ARM.ActiveCfg = Template|Win32
		{A62A4965-66A5-4C27-804A-E03AB94CE8D4}.Template|x64.ActiveCfg = Template|x64
		{A62A4965-66A5-4C27-804A-E03AB94CE8D4}.Template|x64.Build.0 = Template|x64
		{A62A4965-66A5-4C27-804A-E03AB94CE8D4}.Template|x86.ActiveCfg = Template|Win32
		{A62A4965-66A5-4C27-804A-E03AB94CE8D4}.Template|x86.Build.0 = Template|Win32
		{949133C8-7703-4935-82F9-07472EA00746}.Debug|ARM.ActiveCfg = Debug|Win32
		{949133C8-7703-4935-82F9-07472EA00746}.Debug|x64.ActiveCfg = Debug|x64
		{949133C8-7703-4935-82F9-07472EA00746}.Debug|x64.Build.0 = Debug|x64
		{949133C8-7703-4935-82F9-07472EA00746}.Debug|x86.ActiveCfg = Debug|Win32
		{949133C8-7703-4935-82F9-07472EA00746}.Debug|x86.Build.0 = Debug|Win32
		{949133C8-7703-4935-82F9-07472EA00746}.Release|ARM.ActiveCfg = Release|Win32
		{949133C8-7703-4935-82F9-07472EA00746}.Release|x64.ActiveCfg = Release|x64
		{949133C8-7703-4935-82F9-07472EA00746}.Release|x64.Build.0 = Release|x64
		{949133C8-7703-4935-82F9-07472EA00746}.Release|x86.ActiveCfg = Release|Win32
		{949133C8-7703-4935-82F9-07472EA00746}.Release|x86.Build.0 = Release|Win32
		{949133C8-7703-4935-82F9-07472EA00746}.Template|ARM.ActiveCfg = Template|Win32
		{949133C8-7703-4935-82F9-07472EA00746}.Template|x64.ActiveCfg = Template|x64
		{949133C8-7703-4935-82F9-07472EA00746}.Template|x64.Build.0 = Template|x64
		{949133C8-7703-4935-82F9-07472EA00746}.Template|x86.ActiveCfg = Template|Win32
		{949133C8-7703-4935-82F9-07472EA00746}.Template|x86.Build.0 = Template|Win32
		{ACC723C7-4F59-45CC-8626-767D6477F7EE}.Debug|ARM.ActiveCfg = Debug|Win32
		{ACC723C7-4F59-45CC-8626-767D6477F7EE}.Debug|x64.ActiveCfg = Debug|x64
		{ACC723C7-4F59-45CC-8626-767D6477F7EE}.Debug|x64.Build.0 = Debug|x64
		{ACC723C7-4F59-45CC-8626-767D6477F7EE}.Debug|x86.ActiveCfg = Debug|Win32
		{ACC723C7-4F59-45CC-8626-767D6477F7EE}.Debug|x86.Build.0 = Debug|Win32
		{ACC723C7-4F59-45CC-8626-767D6477F7EE}.Release|ARM.ActiveCfg = Release|Win32
		{ACC723C7-4F59-45CC-8626-767D6477F7EE}.Release|x64.ActiveCfg = Release|x64
		{ACC723C7-4F59-45CC-8626-767D6477F7EE}.Release|x64.Build.0 = Release|x64
		{ACC723C7-4F59-45CC-8626-767D6477F7EE}.Release|x86.ActiveCfg = Release|Win32
		{ACC723C7-4F59-45CC-8626-767D6477F7EE}.Release|x86.Build.0 = Release|Win32
		{ACC723C7-4F59-45CC-8626-767D6477F7EE}.Template|ARM.ActiveCfg = Template|Win32
		{ACC723C7-4F59-45CC-8626-767D6477F7EE}.Template|x64.ActiveCfg = Template|x64
		{ACC723C7-4F59-45CC-8626-767D6477F7EE}.Template|x64.Build.0 = Template|x64
		{ACC723C7-4F59-45CC-8626-767D6477F7EE}.Template|x86.ActiveCfg = Template|Win32
		{ACC723C7-4F59-45CC-8626-767D6477F7EE}.Template|x86.Build.0 = Template|Win32
		{69413864-932F-43D0-847D-E598B8D9A287}.Debug|ARM.ActiveCfg = Debug|Win32
		{69413864-932F-43D0-847D-E598B8D9A287}.Debug|x64.ActiveCfg = Debug|x64
		{69413864-932F-43D0-847D-E598B8D9A287}.Debug|x64.Build.0 = Debug|x64
		{69413864-932F-43D0-847D-E598B8D9A287}.Debug|x86.ActiveCfg = Debug|Win32
		{69413864-932F-43D0-847D-E598B8D9A287}.Debug|x86.Build.0 = Debug|Win32
		{69413864-932F-43D0-847D-E598B8D9A287}.Debug|x86.Deploy.0 = Debug|Win32
		{69413864-932F-43D0-847D-E598B8D9A287}.Release|ARM.ActiveCfg = Release|Win32
		{69413864-932F-43D0-847D-E598B8D9A287}.Release|x64.ActiveCfg = Release|Win32
		{69413864-932F-43D0-847D-E598B8D9A287}.Release|x86.ActiveCfg = Release|Win32
		{69413864-932F-43D0-847D-E598B8D9A287}.Release|x86.Build.0 = Release|Win32
		{69413864-932F-43D0-847D-E598B8D9A287}.Release|x86.Deploy.0 = Release|Win32
		{69413864-932F-43D0-847D-E598B8D9A287}.Template|ARM.ActiveCfg = Template|Win32
		{69413864-932F-43D0-847D-E598B8D9A287}.Template|x64.ActiveCfg = Template|Win32
		{69413864-932F-43D0-847D-E598B8D9A287}.Template|x86.ActiveCfg = Template|Win32
		{69413864-932F-43D0-847D-E598B8D9A287}.Template|x86.Build.0 = Template|Win32
		{69413864-932F-43D0-847D-E598B8D9A287}.Template|x86.Deploy.0 = Template|Win32
	EndGlobalSection
	GlobalSection(SolutionProperties) = preSolution
		HideSolutionNode = FALSE
	EndGlobalSection
	GlobalSection(ExtensibilityGlobals) = postSolution
		SolutionGuid = {BB10AD28-8A5B-4EFA-9E3C-0C05A9C1765C}
	EndGlobalSection
EndGlobal
