<?xml version="1.0" encoding="utf-8"?>
<Project ToolsVersion="4.0" xmlns="http://schemas.microsoft.com/developer/msbuild/2003">
  <ItemGroup>
    <Filter Include="Source Files">
      <UniqueIdentifier>{f8feaa5f-1520-4199-b968-f5c2382622e2}</UniqueIdentifier>
      <Extensions>cpp;c;cxx;rc;def;r;odl;idl;hpj;bat</Extensions>
    </Filter>
    <Filter Include="Library Files">
      <UniqueIdentifier>{64a38623-1e8f-4de7-a7b7-1dd98aaceda5}</UniqueIdentifier>
      <Extensions>lib</Extensions>
    </Filter>
    <Filter Include="Header Files">
      <UniqueIdentifier>{442bcf74-1a59-48f3-ae71-f149ac8c5f04}</UniqueIdentifier>
      <Extensions>h;hpp;hxx;hm;inl</Extensions>
    </Filter>
    <Filter Include="Resource Files">
      <UniqueIdentifier>{fb1de63b-608a-499e-bab9-f6c7e8d2748c}</UniqueIdentifier>
      <Extensions>ico;cur;bmp;dlg;rc2;rct;bin;rgs;gif;jpg;jpeg;jpe</Extensions>
    </Filter>
  </ItemGroup>
  <ItemGroup>
    <ClCompile Include="..\..\SampleCode\TimedProcessing.c">
      <Filter>Source Files</Filter>
    </ClCompile>
    <ClCompile Include="..\..\SampleCode\TimedProcessingWin.cpp">
      <Filter>Source Files</Filter>
    </ClCompile>
  </ItemGroup>
  <ItemGroup>
    <Library Include="..\..\..\SDK\Libraries\Win\XPWidgets.lib">
      <Filter>Library Files</Filter>
    </Library>
    <Library Include="..\..\..\SDK\Libraries\Win\XPLM.lib">
      <Filter>Library Files</Filter>
    </Library>
  </ItemGroup>
</Project>