<?xml version="1.0" encoding="utf-8"?>
<Project ToolsVersion="4.0" xmlns="http://schemas.microsoft.com/developer/msbuild/2003">
  <ItemGroup>
    <Filter Include="Source Files">
      <UniqueIdentifier>{05df53d4-d48e-4374-9f4f-f9e0a1240e91}</UniqueIdentifier>
      <Extensions>cpp;c;cxx;rc;def;r;odl;idl;hpj;bat</Extensions>
    </Filter>
    <Filter Include="Library Files">
      <UniqueIdentifier>{843d2034-d6e1-4fbb-9e35-d32beb5900b5}</UniqueIdentifier>
      <Extensions>lib</Extensions>
    </Filter>
    <Filter Include="Header Files">
      <UniqueIdentifier>{41d9ae11-46a9-4f7f-baf8-b7ba9367c933}</UniqueIdentifier>
      <Extensions>h;hpp;hxx;hm;inl</Extensions>
    </Filter>
    <Filter Include="Resource Files">
      <UniqueIdentifier>{46990b3f-09de-4472-8171-77f72f3e43bf}</UniqueIdentifier>
      <Extensions>ico;cur;bmp;dlg;rc2;rct;bin;rgs;gif;jpg;jpeg;jpe</Extensions>
    </Filter>
  </ItemGroup>
  <ItemGroup>
    <ClCompile Include="..\..\SampleCode\KeySniffer.c">
      <Filter>Source Files</Filter>
    </ClCompile>
    <ClCompile Include="..\..\SampleCode\KeySnifferWin.cpp">
      <Filter>Source Files</Filter>
    </ClCompile>
  </ItemGroup>
  <ItemGroup>
    <Library Include="..\..\..\SDK\Libraries\Win\XPWidgets.lib">
      <Filter>Library Files</Filter>
    </Library>
    <Library Include="..\..\..\SDK\Libraries\Win\XPLM.lib">
      <Filter>Library Files</Filter>
    </Library>
  </ItemGroup>
</Project>