<?xml version="1.0" encoding="utf-8"?>
<Project ToolsVersion="4.0" xmlns="http://schemas.microsoft.com/developer/msbuild/2003">
  <ItemGroup>
    <Filter Include="Source Files">
      <UniqueIdentifier>{72d14805-26b0-4d0e-8247-176b0e37fcc3}</UniqueIdentifier>
      <Extensions>cpp;c;cxx;rc;def;r;odl;idl;hpj;bat</Extensions>
    </Filter>
    <Filter Include="Library Files">
      <UniqueIdentifier>{2412e0ae-a9cb-4c2f-9dff-b7b71b812561}</UniqueIdentifier>
      <Extensions>lib</Extensions>
    </Filter>
    <Filter Include="Header Files">
      <UniqueIdentifier>{3d695411-0634-4b25-8b04-22abb37e65b3}</UniqueIdentifier>
      <Extensions>h;hpp;hxx;hm;inl</Extensions>
    </Filter>
    <Filter Include="Resource Files">
      <UniqueIdentifier>{34c75704-e7e1-4527-8612-f2e68f7d1fc6}</UniqueIdentifier>
      <Extensions>ico;cur;bmp;dlg;rc2;rct;bin;rgs;gif;jpg;jpeg;jpe</Extensions>
    </Filter>
  </ItemGroup>
  <ItemGroup>
    <ClCompile Include="..\..\SampleCode\Navigation.c">
      <Filter>Source Files</Filter>
    </ClCompile>
    <ClCompile Include="..\..\SampleCode\NavigationWin.cpp">
      <Filter>Source Files</Filter>
    </ClCompile>
  </ItemGroup>
  <ItemGroup>
    <Library Include="..\..\..\SDK\Libraries\Win\XPWidgets.lib">
      <Filter>Library Files</Filter>
    </Library>
    <Library Include="..\..\..\SDK\Libraries\Win\XPLM.lib">
      <Filter>Library Files</Filter>
    </Library>
  </ItemGroup>
</Project>