<?xml version="1.0" encoding="utf-8"?>
<Project ToolsVersion="4.0" xmlns="http://schemas.microsoft.com/developer/msbuild/2003">
  <ItemGroup>
    <Filter Include="Source Files">
      <UniqueIdentifier>{c5fb99f0-76db-4d6f-af0a-4d9cad377160}</UniqueIdentifier>
      <Extensions>cpp;c;cxx;rc;def;r;odl;idl;hpj;bat</Extensions>
    </Filter>
    <Filter Include="Library Files">
      <UniqueIdentifier>{15f9d54e-9fea-4262-a60f-475a86576c54}</UniqueIdentifier>
      <Extensions>lib</Extensions>
    </Filter>
    <Filter Include="Header Files">
      <UniqueIdentifier>{bbe2a504-72ba-4082-92b4-091fadb0591e}</UniqueIdentifier>
      <Extensions>h;hpp;hxx;hm;inl</Extensions>
    </Filter>
    <Filter Include="Resource Files">
      <UniqueIdentifier>{02bf12ce-c765-4e2b-abb8-773652df43fc}</UniqueIdentifier>
      <Extensions>ico;cur;bmp;dlg;rc2;rct;bin;rgs;gif;jpg;jpeg;jpe</Extensions>
    </Filter>
  </ItemGroup>
  <ItemGroup>
    <ClCompile Include="..\..\SampleCode\Planes.c">
      <Filter>Source Files</Filter>
    </ClCompile>
    <ClCompile Include="..\..\SampleCode\PlanesWin.cpp">
      <Filter>Source Files</Filter>
    </ClCompile>
  </ItemGroup>
  <ItemGroup>
    <Library Include="..\..\..\SDK\Libraries\Win\XPWidgets.lib">
      <Filter>Library Files</Filter>
    </Library>
    <Library Include="..\..\..\SDK\Libraries\Win\XPLM.lib">
      <Filter>Library Files</Filter>
    </Library>
  </ItemGroup>
</Project>